// !$*UTF8*$!
{
	archiveVersion = 1;
	classes = {
	};
	objectVersion = 77;
	objects = {

/* Begin PBXBuildFile section */
		0034B9037268357145D73200 /* AnnouncementBanner.swift in Sources */ = {isa = PBXBuildFile; fileRef = F08A330536516EB09899AD96 /* AnnouncementBanner.swift */; };
		6994E7CA042E9C304B30A26E /* DataAttributionNotice.swift in Sources */ = {isa = PBXBuildFile; fileRef = 1EB32268F27FB3AD1C3F2254 /* DataAttributionNotice.swift */; };
		01155E1646A7A3B901C1C24B /* HeatmapViewModel.swift in Sources */ = {isa = PBXBuildFile; fileRef = 4892854F73F51276DAE84AE2 /* HeatmapViewModel.swift */; };
		02D03A92641D654F05EE7128 /* TokenStore.swift in Sources */ = {isa = PBXBuildFile; fileRef = 918FEAC0E75319DCE561C1F2 /* TokenStore.swift */; };
		05842D576D32D5F2AE428488 /* HeatColor.swift in Sources */ = {isa = PBXBuildFile; fileRef = 18D4C70E576CCB8F6CD3271D /* HeatColor.swift */; };
		06B7D92967D1AD1386003F8A /* PushNotificationManager.swift in Sources */ = {isa = PBXBuildFile; fileRef = 22B28EF4A3B802ACA47ACF31 /* PushNotificationManager.swift */; };
		0B003EF3FC197F0FD2EFAA55 /* AuthViewModel.swift in Sources */ = {isa = PBXBuildFile; fileRef = 4B55220A8703E44AC8082908 /* AuthViewModel.swift */; };
		0BC6ED5B7EA11DD522DC8903 /* FirebaseAnalytics in Frameworks */ = {isa = PBXBuildFile; productRef = A25D609AD6F91E912FFDFB9E /* FirebaseAnalytics */; };
		156FEDF491D165280A68E5F8 /* AuthDTOs.swift in Sources */ = {isa = PBXBuildFile; fileRef = 5A44E3BA842112F05DD868F5 /* AuthDTOs.swift */; };
		17235223E4E762F13C2C1376 /* FuelTrackerApp.swift in Sources */ = {isa = PBXBuildFile; fileRef = 744158385E279DFA14EC64A3 /* FuelTrackerApp.swift */; };
		18CA9A7884F527DAF99297AB /* CachedStation.swift in Sources */ = {isa = PBXBuildFile; fileRef = DFCE7D304FDB7E22B42CF25F /* CachedStation.swift */; };
		1C8AFF31C60E93B02A659BF2 /* UserPreferencesStore.swift in Sources */ = {isa = PBXBuildFile; fileRef = 31EB626E9B81C5478B568DF1 /* UserPreferencesStore.swift */; };
		1F65F367869C32089D7C3BCF /* AuthView.swift in Sources */ = {isa = PBXBuildFile; fileRef = 9724E2CC34089EAEB03A705D /* AuthView.swift */; };
		2150CE5AC7919E32E28B1F4C /* PriceLineChart.swift in Sources */ = {isa = PBXBuildFile; fileRef = B3BF373821F6CA70597AE426 /* PriceLineChart.swift */; };
		2507F91254FE251153798CC0 /* HeatmapView.swift in Sources */ = {isa = PBXBuildFile; fileRef = 7F7722F19B93D8A598DA24B4 /* HeatmapView.swift */; };
		2A5C14465C22C169110ADE8F /* FuelTypes.swift in Sources */ = {isa = PBXBuildFile; fileRef = B06843CA8A7C09D2CF6E8B33 /* FuelTypes.swift */; };
		2B818BE3CF74F16C76497BF4 /* DeepLinkTests.swift in Sources */ = {isa = PBXBuildFile; fileRef = 9A978447913DCB994EB44FC1 /* DeepLinkTests.swift */; };
		2FB0038DE67AEF22644EBB45 /* Assets.xcassets in Resources */ = {isa = PBXBuildFile; fileRef = 7898E3F37EC3036C8FD68E92 /* Assets.xcassets */; };
		34B2F824B7FD18A1B7AE9B52 /* HeatmapMapView.swift in Sources */ = {isa = PBXBuildFile; fileRef = EFAB747E97673DB1C7E395F4 /* HeatmapMapView.swift */; };
		37AE7F8788395F56286AA5B5 /* RootView.swift in Sources */ = {isa = PBXBuildFile; fileRef = 1DE5294BDECED78127CEF1B3 /* RootView.swift */; };
		39051261F8DFF2CC5F6B28B9 /* AppConfig.swift in Sources */ = {isa = PBXBuildFile; fileRef = EE2681B5EF62475C88251122 /* AppConfig.swift */; };
		49B913EE45B7A7FC18FC7E4C /* FuelCostCalculator.swift in Sources */ = {isa = PBXBuildFile; fileRef = C99A3F8C6A03E027CD6E9700 /* FuelCostCalculator.swift */; };
		4B6793CC999E2F48565819A0 /* DTODecodingTests.swift in Sources */ = {isa = PBXBuildFile; fileRef = 39D72CD0A4324420884D5936 /* DTODecodingTests.swift */; };
		504F12856FA172FABCCD4FFC /* AmenitiesFormatter.swift in Sources */ = {isa = PBXBuildFile; fileRef = A958BB1CBD077001814397E4 /* AmenitiesFormatter.swift */; };
		5E2151C96C81DB6227B467B6 /* NearbyViewModel.swift in Sources */ = {isa = PBXBuildFile; fileRef = 85F7A0CCB5B7A5994961C93C /* NearbyViewModel.swift */; };
		62108BE2D0183495BBDD67CB /* AppAnalytics.swift in Sources */ = {isa = PBXBuildFile; fileRef = 50C82551799419E764CB389A /* AppAnalytics.swift */; };
		65B3334613162999BA551F44 /* GoogleMaps in Frameworks */ = {isa = PBXBuildFile; productRef = 5098F7B1E07B3B90AC7B2274 /* GoogleMaps */; };
		6830C2EEC51B16C952D4B69F /* PricesViewModel.swift in Sources */ = {isa = PBXBuildFile; fileRef = 75FB4099851DFCA3A333C428 /* PricesViewModel.swift */; };
		6BFEA0C130CEE2E79E6E9D0B /* PushTokenProvider.swift in Sources */ = {isa = PBXBuildFile; fileRef = 0C6BFE3F5F5E5E838CF7B19B /* PushTokenProvider.swift */; };
		6F699105069E4AB11D46B416 /* FuelCostCalculatorTests.swift in Sources */ = {isa = PBXBuildFile; fileRef = 3B63AF83E6E6156CE1B977B3 /* FuelCostCalculatorTests.swift */; };
		70C02AA8092E840F6A312B3A /* GoogleService-Info.plist in Resources */ = {isa = PBXBuildFile; fileRef = 673B91613E35CCBDFDEF69E5 /* GoogleService-Info.plist */; };
		761920A623D115613C9E216D /* DetailViewModel.swift in Sources */ = {isa = PBXBuildFile; fileRef = 8BFB672611E5491BC0B9601A /* DetailViewModel.swift */; };
		780BFD4C6A1E2D1CC86FF17F /* LocationManager.swift in Sources */ = {isa = PBXBuildFile; fileRef = C2BC003592118816A4331969 /* LocationManager.swift */; };
		8738F2AA67954B81C01F716A /* SettingsViewModel.swift in Sources */ = {isa = PBXBuildFile; fileRef = 66A5B20BB98CBD24B95D78FC /* SettingsViewModel.swift */; };
		8E6C2190AC13ED58353FCDB6 /* APIEndpoint.swift in Sources */ = {isa = PBXBuildFile; fileRef = A4F0E084682F4D958FFF7ECC /* APIEndpoint.swift */; };
		90C32F00A5713F86A3EF1556 /* GoogleSignIn in Frameworks */ = {isa = PBXBuildFile; productRef = 510737701D84644C853C3131 /* GoogleSignIn */; };
		90C871DD3DF7EC6E3B980C4F /* PricesView.swift in Sources */ = {isa = PBXBuildFile; fileRef = D279C9D6589B0C809B85F2EE /* PricesView.swift */; };
		A53B4412CE69FF4B2C58CABD /* FirebaseMessaging in Frameworks */ = {isa = PBXBuildFile; productRef = 47CC9E6F72940EEDBA3C68E1 /* FirebaseMessaging */; };
		AB53C78F7A82FA9C46E80C04 /* FuelRepository.swift in Sources */ = {isa = PBXBuildFile; fileRef = 0DE7CBC4B3430E78BF39121F /* FuelRepository.swift */; };
		ABBF4E5C47A3C632B3ABD10E /* DetailView.swift in Sources */ = {isa = PBXBuildFile; fileRef = 41DBF56E22F4A12C2A0DECA0 /* DetailView.swift */; };
		B9B53D7709219FA155A09BC5 /* FavouriteAndAlertDTOs.swift in Sources */ = {isa = PBXBuildFile; fileRef = 4892DDE26B1C0AC28E82B9C6 /* FavouriteAndAlertDTOs.swift */; };
		BA261E6F96512B3C6ED3405C /* SettingsView.swift in Sources */ = {isa = PBXBuildFile; fileRef = F1B14496D8AC2AFA53A0A331 /* SettingsView.swift */; };
		C0397FCCAB491510AE5EBE16 /* HeatmapTests.swift in Sources */ = {isa = PBXBuildFile; fileRef = 23AF276F8D403CEF92636C33 /* HeatmapTests.swift */; };
		C6CAB881E9EC5C78D4D8CC5F /* AuthError.swift in Sources */ = {isa = PBXBuildFile; fileRef = 153BAC309AF6650C0CFBEAB1 /* AuthError.swift */; };
		C83C0A43D848E00CA133EF2F /* DeepLink.swift in Sources */ = {isa = PBXBuildFile; fileRef = 0B73C80310EFB05E4C73FDB4 /* DeepLink.swift */; };
		C889F6DACB809DB00405256B /* FavouritesViewModel.swift in Sources */ = {isa = PBXBuildFile; fileRef = D4938992849D7AC30456936C /* FavouritesViewModel.swift */; };
		D8C86F2D24E4D75C31CD1594 /* FeatureFlags.swift in Sources */ = {isa = PBXBuildFile; fileRef = 848F44BA192EDF4281220DE3 /* FeatureFlags.swift */; };
		D8F80F9D5885878A59251E70 /* AppDelegate.swift in Sources */ = {isa = PBXBuildFile; fileRef = 5AD68D7BAE42C50239AFC612 /* AppDelegate.swift */; };
		E330C9A3365AD1EBF8776B9E /* FavouritesView.swift in Sources */ = {isa = PBXBuildFile; fileRef = 813E621897DE404192DB412E /* FavouritesView.swift */; };
		E625C9992184D039AA1ED603 /* StationDTOs.swift in Sources */ = {isa = PBXBuildFile; fileRef = 9AAD55E85CFCCC66C91445A2 /* StationDTOs.swift */; };
		E767F58CA0F6432F9A04B24E /* AppContainer.swift in Sources */ = {isa = PBXBuildFile; fileRef = C9D8FF2E1E9BE97A4DA15CDF /* AppContainer.swift */; };
		E870D73ECE42C2BA993AECD7 /* OpeningHoursTableView.swift in Sources */ = {isa = PBXBuildFile; fileRef = 0915A796F986476B981A0C37 /* OpeningHoursTableView.swift */; };
		F2CEDA9D07D8CCDEE09943B9 /* FuelPricesAPI.swift in Sources */ = {isa = PBXBuildFile; fileRef = 3458D5975C955DA191E9FCA8 /* FuelPricesAPI.swift */; };
		F4DF075A45602EF0167B0D5E /* NearbyView.swift in Sources */ = {isa = PBXBuildFile; fileRef = 4BE1075432AD2E4C56B5D7B7 /* NearbyView.swift */; };
		F51EA92612A1D15D2AECA6BD /* FuelMapView.swift in Sources */ = {isa = PBXBuildFile; fileRef = 5F66A025FA31DDD6482CEC58 /* FuelMapView.swift */; };
/* End PBXBuildFile section */

/* Begin PBXContainerItemProxy section */
		541DABA398CE12336C946B44 /* PBXContainerItemProxy */ = {
			isa = PBXContainerItemProxy;
			containerPortal = 3D8D3AD98CA0FD58A11256CB /* Project object */;
			proxyType = 1;
			remoteGlobalIDString = CF7773F7D4919BCA177573E5;
			remoteInfo = FuelTracker;
		};
/* End PBXContainerItemProxy section */

/* Begin PBXFileReference section */
		0915A796F986476B981A0C37 /* OpeningHoursTableView.swift */ = {isa = PBXFileReference; lastKnownFileType = sourcecode.swift; path = OpeningHoursTableView.swift; sourceTree = "<group>"; };
		0B73C80310EFB05E4C73FDB4 /* DeepLink.swift */ = {isa = PBXFileReference; lastKnownFileType = sourcecode.swift; path = DeepLink.swift; sourceTree = "<group>"; };
		0C6BFE3F5F5E5E838CF7B19B /* PushTokenProvider.swift */ = {isa = PBXFileReference; lastKnownFileType = sourcecode.swift; path = PushTokenProvider.swift; sourceTree = "<group>"; };
		0DE7CBC4B3430E78BF39121F /* FuelRepository.swift */ = {isa = PBXFileReference; lastKnownFileType = sourcecode.swift; path = FuelRepository.swift; sourceTree = "<group>"; };
		153BAC309AF6650C0CFBEAB1 /* AuthError.swift */ = {isa = PBXFileReference; lastKnownFileType = sourcecode.swift; path = AuthError.swift; sourceTree = "<group>"; };
		18D4C70E576CCB8F6CD3271D /* HeatColor.swift */ = {isa = PBXFileReference; lastKnownFileType = sourcecode.swift; path = HeatColor.swift; sourceTree = "<group>"; };
		1DE5294BDECED78127CEF1B3 /* RootView.swift */ = {isa = PBXFileReference; lastKnownFileType = sourcecode.swift; path = RootView.swift; sourceTree = "<group>"; };
		22B28EF4A3B802ACA47ACF31 /* PushNotificationManager.swift */ = {isa = PBXFileReference; lastKnownFileType = sourcecode.swift; path = PushNotificationManager.swift; sourceTree = "<group>"; };
		23AF276F8D403CEF92636C33 /* HeatmapTests.swift */ = {isa = PBXFileReference; lastKnownFileType = sourcecode.swift; path = HeatmapTests.swift; sourceTree = "<group>"; };
		31EB626E9B81C5478B568DF1 /* UserPreferencesStore.swift */ = {isa = PBXFileReference; lastKnownFileType = sourcecode.swift; path = UserPreferencesStore.swift; sourceTree = "<group>"; };
		3458D5975C955DA191E9FCA8 /* FuelPricesAPI.swift */ = {isa = PBXFileReference; lastKnownFileType = sourcecode.swift; path = FuelPricesAPI.swift; sourceTree = "<group>"; };
		39D72CD0A4324420884D5936 /* DTODecodingTests.swift */ = {isa = PBXFileReference; lastKnownFileType = sourcecode.swift; path = DTODecodingTests.swift; sourceTree = "<group>"; };
		3B63AF83E6E6156CE1B977B3 /* FuelCostCalculatorTests.swift */ = {isa = PBXFileReference; lastKnownFileType = sourcecode.swift; path = FuelCostCalculatorTests.swift; sourceTree = "<group>"; };
		41DBF56E22F4A12C2A0DECA0 /* DetailView.swift */ = {isa = PBXFileReference; lastKnownFileType = sourcecode.swift; path = DetailView.swift; sourceTree = "<group>"; };
		4892854F73F51276DAE84AE2 /* HeatmapViewModel.swift */ = {isa = PBXFileReference; lastKnownFileType = sourcecode.swift; path = HeatmapViewModel.swift; sourceTree = "<group>"; };
		4892DDE26B1C0AC28E82B9C6 /* FavouriteAndAlertDTOs.swift */ = {isa = PBXFileReference; lastKnownFileType = sourcecode.swift; path = FavouriteAndAlertDTOs.swift; sourceTree = "<group>"; };
		4A86CEDB3B3AB27F880FF146 /* FuelTracker.app */ = {isa = PBXFileReference; explicitFileType = wrapper.application; includeInIndex = 0; path = FuelTracker.app; sourceTree = BUILT_PRODUCTS_DIR; };
		4B55220A8703E44AC8082908 /* AuthViewModel.swift */ = {isa = PBXFileReference; lastKnownFileType = sourcecode.swift; path = AuthViewModel.swift; sourceTree = "<group>"; };
		4BE1075432AD2E4C56B5D7B7 /* NearbyView.swift */ = {isa = PBXFileReference; lastKnownFileType = sourcecode.swift; path = NearbyView.swift; sourceTree = "<group>"; };
		50C82551799419E764CB389A /* AppAnalytics.swift */ = {isa = PBXFileReference; lastKnownFileType = sourcecode.swift; path = AppAnalytics.swift; sourceTree = "<group>"; };
		5A44E3BA842112F05DD868F5 /* AuthDTOs.swift */ = {isa = PBXFileReference; lastKnownFileType = sourcecode.swift; path = AuthDTOs.swift; sourceTree = "<group>"; };
		5AD68D7BAE42C50239AFC612 /* AppDelegate.swift */ = {isa = PBXFileReference; lastKnownFileType = sourcecode.swift; path = AppDelegate.swift; sourceTree = "<group>"; };
		5F66A025FA31DDD6482CEC58 /* FuelMapView.swift */ = {isa = PBXFileReference; lastKnownFileType = sourcecode.swift; path = FuelMapView.swift; sourceTree = "<group>"; };
		5F8824CEA02FEA8338D681F9 /* FuelTrackerTests.xctest */ = {isa = PBXFileReference; explicitFileType = wrapper.cfbundle; includeInIndex = 0; path = FuelTrackerTests.xctest; sourceTree = BUILT_PRODUCTS_DIR; };
		66A5B20BB98CBD24B95D78FC /* SettingsViewModel.swift */ = {isa = PBXFileReference; lastKnownFileType = sourcecode.swift; path = SettingsViewModel.swift; sourceTree = "<group>"; };
		673B91613E35CCBDFDEF69E5 /* GoogleService-Info.plist */ = {isa = PBXFileReference; lastKnownFileType = text.plist; path = "GoogleService-Info.plist"; sourceTree = "<group>"; };
		6D5037197EC2CF6CA2A1E50D /* Release.xcconfig */ = {isa = PBXFileReference; lastKnownFileType = text.xcconfig; path = Release.xcconfig; sourceTree = "<group>"; };
		744158385E279DFA14EC64A3 /* FuelTrackerApp.swift */ = {isa = PBXFileReference; lastKnownFileType = sourcecode.swift; path = FuelTrackerApp.swift; sourceTree = "<group>"; };
		75FB4099851DFCA3A333C428 /* PricesViewModel.swift */ = {isa = PBXFileReference; lastKnownFileType = sourcecode.swift; path = PricesViewModel.swift; sourceTree = "<group>"; };
		7898E3F37EC3036C8FD68E92 /* Assets.xcassets */ = {isa = PBXFileReference; lastKnownFileType = folder.assetcatalog; path = Assets.xcassets; sourceTree = "<group>"; };
		7F7722F19B93D8A598DA24B4 /* HeatmapView.swift */ = {isa = PBXFileReference; lastKnownFileType = sourcecode.swift; path = HeatmapView.swift; sourceTree = "<group>"; };
		813E621897DE404192DB412E /* FavouritesView.swift */ = {isa = PBXFileReference; lastKnownFileType = sourcecode.swift; path = FavouritesView.swift; sourceTree = "<group>"; };
		848F44BA192EDF4281220DE3 /* FeatureFlags.swift */ = {isa = PBXFileReference; lastKnownFileType = sourcecode.swift; path = FeatureFlags.swift; sourceTree = "<group>"; };
		85F7A0CCB5B7A5994961C93C /* NearbyViewModel.swift */ = {isa = PBXFileReference; lastKnownFileType = sourcecode.swift; path = NearbyViewModel.swift; sourceTree = "<group>"; };
		8BFB672611E5491BC0B9601A /* DetailViewModel.swift */ = {isa = PBXFileReference; lastKnownFileType = sourcecode.swift; path = DetailViewModel.swift; sourceTree = "<group>"; };
		918FEAC0E75319DCE561C1F2 /* TokenStore.swift */ = {isa = PBXFileReference; lastKnownFileType = sourcecode.swift; path = TokenStore.swift; sourceTree = "<group>"; };
		9724E2CC34089EAEB03A705D /* AuthView.swift */ = {isa = PBXFileReference; lastKnownFileType = sourcecode.swift; path = AuthView.swift; sourceTree = "<group>"; };
		975BA00866541975CD74E4D3 /* Debug.xcconfig */ = {isa = PBXFileReference; lastKnownFileType = text.xcconfig; path = Debug.xcconfig; sourceTree = "<group>"; };
		9A978447913DCB994EB44FC1 /* DeepLinkTests.swift */ = {isa = PBXFileReference; lastKnownFileType = sourcecode.swift; path = DeepLinkTests.swift; sourceTree = "<group>"; };
		9AAD55E85CFCCC66C91445A2 /* StationDTOs.swift */ = {isa = PBXFileReference; lastKnownFileType = sourcecode.swift; path = StationDTOs.swift; sourceTree = "<group>"; };
		A4F0E084682F4D958FFF7ECC /* APIEndpoint.swift */ = {isa = PBXFileReference; lastKnownFileType = sourcecode.swift; path = APIEndpoint.swift; sourceTree = "<group>"; };
		A958BB1CBD077001814397E4 /* AmenitiesFormatter.swift */ = {isa = PBXFileReference; lastKnownFileType = sourcecode.swift; path = AmenitiesFormatter.swift; sourceTree = "<group>"; };
		B06843CA8A7C09D2CF6E8B33 /* FuelTypes.swift */ = {isa = PBXFileReference; lastKnownFileType = sourcecode.swift; path = FuelTypes.swift; sourceTree = "<group>"; };
		B3BF373821F6CA70597AE426 /* PriceLineChart.swift */ = {isa = PBXFileReference; lastKnownFileType = sourcecode.swift; path = PriceLineChart.swift; sourceTree = "<group>"; };
		C2BC003592118816A4331969 /* LocationManager.swift */ = {isa = PBXFileReference; lastKnownFileType = sourcecode.swift; path = LocationManager.swift; sourceTree = "<group>"; };
		C99A3F8C6A03E027CD6E9700 /* FuelCostCalculator.swift */ = {isa = PBXFileReference; lastKnownFileType = sourcecode.swift; path = FuelCostCalculator.swift; sourceTree = "<group>"; };
		C9D8FF2E1E9BE97A4DA15CDF /* AppContainer.swift */ = {isa = PBXFileReference; lastKnownFileType = sourcecode.swift; path = AppContainer.swift; sourceTree = "<group>"; };
		D279C9D6589B0C809B85F2EE /* PricesView.swift */ = {isa = PBXFileReference; lastKnownFileType = sourcecode.swift; path = PricesView.swift; sourceTree = "<group>"; };
		D4938992849D7AC30456936C /* FavouritesViewModel.swift */ = {isa = PBXFileReference; lastKnownFileType = sourcecode.swift; path = FavouritesViewModel.swift; sourceTree = "<group>"; };
		DFCE7D304FDB7E22B42CF25F /* CachedStation.swift */ = {isa = PBXFileReference; lastKnownFileType = sourcecode.swift; path = CachedStation.swift; sourceTree = "<group>"; };
		EE2681B5EF62475C88251122 /* AppConfig.swift */ = {isa = PBXFileReference; lastKnownFileType = sourcecode.swift; path = AppConfig.swift; sourceTree = "<group>"; };
		EFAB747E97673DB1C7E395F4 /* HeatmapMapView.swift */ = {isa = PBXFileReference; lastKnownFileType = sourcecode.swift; path = HeatmapMapView.swift; sourceTree = "<group>"; };
		F08A330536516EB09899AD96 /* AnnouncementBanner.swift */ = {isa = PBXFileReference; lastKnownFileType = sourcecode.swift; path = AnnouncementBanner.swift; sourceTree = "<group>"; };
		1EB32268F27FB3AD1C3F2254 /* DataAttributionNotice.swift */ = {isa = PBXFileReference; lastKnownFileType = sourcecode.swift; path = DataAttributionNotice.swift; sourceTree = "<group>"; };
		F1B14496D8AC2AFA53A0A331 /* SettingsView.swift */ = {isa = PBXFileReference; lastKnownFileType = sourcecode.swift; path = SettingsView.swift; sourceTree = "<group>"; };
/* End PBXFileReference section */

/* Begin PBXFrameworksBuildPhase section */
		CFCED790A6ED1614173C8E54 /* Frameworks */ = {
			isa = PBXFrameworksBuildPhase;
			buildActionMask = 2147483647;
			files = (
				90C32F00A5713F86A3EF1556 /* GoogleSignIn in Frameworks */,
				65B3334613162999BA551F44 /* GoogleMaps in Frameworks */,
				A53B4412CE69FF4B2C58CABD /* FirebaseMessaging in Frameworks */,
				0BC6ED5B7EA11DD522DC8903 /* FirebaseAnalytics in Frameworks */,
			);
			runOnlyForDeploymentPostprocessing = 0;
		};
/* End PBXFrameworksBuildPhase section */

/* Begin PBXGroup section */
		176DC592F96E7E3461608FFE /* Domain */ = {
			isa = PBXGroup;
			children = (
				A958BB1CBD077001814397E4 /* AmenitiesFormatter.swift */,
				C99A3F8C6A03E027CD6E9700 /* FuelCostCalculator.swift */,
				B06843CA8A7C09D2CF6E8B33 /* FuelTypes.swift */,
			);
			path = Domain;
			sourceTree = "<group>";
		};
		17B1ACE1B51493A614F47A80 = {
			isa = PBXGroup;
			children = (
				B7AA3D9648AE69C3F8D35748 /* Config */,
				22E121076CF36FEB1D0CD8D5 /* FuelTracker */,
				8CF9EED09D9073C67EEAE0C9 /* FuelTrackerTests */,
				C3BEA5FF893F1559366939E1 /* Products */,
			);
			sourceTree = "<group>";
		};
		229189EAE9FDC7DD93EB6624 /* Auth */ = {
			isa = PBXGroup;
			children = (
				9724E2CC34089EAEB03A705D /* AuthView.swift */,
				4B55220A8703E44AC8082908 /* AuthViewModel.swift */,
			);
			path = Auth;
			sourceTree = "<group>";
		};
		22E121076CF36FEB1D0CD8D5 /* FuelTracker */ = {
			isa = PBXGroup;
			children = (
				744158385E279DFA14EC64A3 /* FuelTrackerApp.swift */,
				5367D57B1470CD36CDBE3D28 /* Analytics */,
				514DE1CACD93646735D8E391 /* App */,
				779C13BCBC0B2BA54177AE09 /* Components */,
				176DC592F96E7E3461608FFE /* Domain */,
				B289E8BB190836CF6797456C /* FeatureFlags */,
				8163F392FE9BB2641702DE3A /* Features */,
				CE751E09DBD08BAF415C8A3D /* Location */,
				AAA1FF3C54774AE09DA50AB8 /* Networking */,
				6C0A537740CCE53CD8CE921B /* Persistence */,
				F77E8EA40BCCCE2EB0AE48AA /* Push */,
				4E462A4BEE94E14A5EADAD4D /* Repository */,
				5499A8B400E6E41D18D24127 /* Resources */,
			);
			path = FuelTracker;
			sourceTree = "<group>";
		};
		42437E5DD2C15B6C61F791EB /* Favourites */ = {
			isa = PBXGroup;
			children = (
				813E621897DE404192DB412E /* FavouritesView.swift */,
				D4938992849D7AC30456936C /* FavouritesViewModel.swift */,
			);
			path = Favourites;
			sourceTree = "<group>";
		};
		4381A910AE3026BFD321C510 /* Nearby */ = {
			isa = PBXGroup;
			children = (
				4BE1075432AD2E4C56B5D7B7 /* NearbyView.swift */,
				85F7A0CCB5B7A5994961C93C /* NearbyViewModel.swift */,
			);
			path = Nearby;
			sourceTree = "<group>";
		};
		4E462A4BEE94E14A5EADAD4D /* Repository */ = {
			isa = PBXGroup;
			children = (
				153BAC309AF6650C0CFBEAB1 /* AuthError.swift */,
				0DE7CBC4B3430E78BF39121F /* FuelRepository.swift */,
			);
			path = Repository;
			sourceTree = "<group>";
		};
		514DE1CACD93646735D8E391 /* App */ = {
			isa = PBXGroup;
			children = (
				EE2681B5EF62475C88251122 /* AppConfig.swift */,
				C9D8FF2E1E9BE97A4DA15CDF /* AppContainer.swift */,
				5AD68D7BAE42C50239AFC612 /* AppDelegate.swift */,
				0B73C80310EFB05E4C73FDB4 /* DeepLink.swift */,
				1DE5294BDECED78127CEF1B3 /* RootView.swift */,
			);
			path = App;
			sourceTree = "<group>";
		};
		5367D57B1470CD36CDBE3D28 /* Analytics */ = {
			isa = PBXGroup;
			children = (
				50C82551799419E764CB389A /* AppAnalytics.swift */,
			);
			path = Analytics;
			sourceTree = "<group>";
		};
		5499A8B400E6E41D18D24127 /* Resources */ = {
			isa = PBXGroup;
			children = (
				7898E3F37EC3036C8FD68E92 /* Assets.xcassets */,
				673B91613E35CCBDFDEF69E5 /* GoogleService-Info.plist */,
			);
			path = Resources;
			sourceTree = "<group>";
		};
		5DAFC9AE5CD7FCBE0C9E390B /* Heatmap */ = {
			isa = PBXGroup;
			children = (
				18D4C70E576CCB8F6CD3271D /* HeatColor.swift */,
				EFAB747E97673DB1C7E395F4 /* HeatmapMapView.swift */,
				7F7722F19B93D8A598DA24B4 /* HeatmapView.swift */,
				4892854F73F51276DAE84AE2 /* HeatmapViewModel.swift */,
			);
			path = Heatmap;
			sourceTree = "<group>";
		};
		6C0A537740CCE53CD8CE921B /* Persistence */ = {
			isa = PBXGroup;
			children = (
				DFCE7D304FDB7E22B42CF25F /* CachedStation.swift */,
				918FEAC0E75319DCE561C1F2 /* TokenStore.swift */,
				31EB626E9B81C5478B568DF1 /* UserPreferencesStore.swift */,
			);
			path = Persistence;
			sourceTree = "<group>";
		};
		779C13BCBC0B2BA54177AE09 /* Components */ = {
			isa = PBXGroup;
			children = (
				F08A330536516EB09899AD96 /* AnnouncementBanner.swift */,
				1EB32268F27FB3AD1C3F2254 /* DataAttributionNotice.swift */,
				5F66A025FA31DDD6482CEC58 /* FuelMapView.swift */,
				B3BF373821F6CA70597AE426 /* PriceLineChart.swift */,
			);
			path = Components;
			sourceTree = "<group>";
		};
		8163F392FE9BB2641702DE3A /* Features */ = {
			isa = PBXGroup;
			children = (
				229189EAE9FDC7DD93EB6624 /* Auth */,
				E7F575C57E600C02DF428824 /* Detail */,
				42437E5DD2C15B6C61F791EB /* Favourites */,
				5DAFC9AE5CD7FCBE0C9E390B /* Heatmap */,
				4381A910AE3026BFD321C510 /* Nearby */,
				CE548E8E0E55C1BA619812EB /* Prices */,
				DE8A4658C5C7B7AB9BDF09B1 /* Settings */,
			);
			path = Features;
			sourceTree = "<group>";
		};
		8CF9EED09D9073C67EEAE0C9 /* FuelTrackerTests */ = {
			isa = PBXGroup;
			children = (
				9A978447913DCB994EB44FC1 /* DeepLinkTests.swift */,
				39D72CD0A4324420884D5936 /* DTODecodingTests.swift */,
				3B63AF83E6E6156CE1B977B3 /* FuelCostCalculatorTests.swift */,
				23AF276F8D403CEF92636C33 /* HeatmapTests.swift */,
			);
			path = FuelTrackerTests;
			sourceTree = "<group>";
		};
		AAA1FF3C54774AE09DA50AB8 /* Networking */ = {
			isa = PBXGroup;
			children = (
				A4F0E084682F4D958FFF7ECC /* APIEndpoint.swift */,
				3458D5975C955DA191E9FCA8 /* FuelPricesAPI.swift */,
				CF1EB6B23C18D93938081020 /* DTOs */,
			);
			path = Networking;
			sourceTree = "<group>";
		};
		B289E8BB190836CF6797456C /* FeatureFlags */ = {
			isa = PBXGroup;
			children = (
				848F44BA192EDF4281220DE3 /* FeatureFlags.swift */,
			);
			path = FeatureFlags;
			sourceTree = "<group>";
		};
		B7AA3D9648AE69C3F8D35748 /* Config */ = {
			isa = PBXGroup;
			children = (
				975BA00866541975CD74E4D3 /* Debug.xcconfig */,
				6D5037197EC2CF6CA2A1E50D /* Release.xcconfig */,
			);
			path = Config;
			sourceTree = "<group>";
		};
		C3BEA5FF893F1559366939E1 /* Products */ = {
			isa = PBXGroup;
			children = (
				4A86CEDB3B3AB27F880FF146 /* FuelTracker.app */,
				5F8824CEA02FEA8338D681F9 /* FuelTrackerTests.xctest */,
			);
			name = Products;
			sourceTree = "<group>";
		};
		CE548E8E0E55C1BA619812EB /* Prices */ = {
			isa = PBXGroup;
			children = (
				D279C9D6589B0C809B85F2EE /* PricesView.swift */,
				75FB4099851DFCA3A333C428 /* PricesViewModel.swift */,
			);
			path = Prices;
			sourceTree = "<group>";
		};
		CE751E09DBD08BAF415C8A3D /* Location */ = {
			isa = PBXGroup;
			children = (
				C2BC003592118816A4331969 /* LocationManager.swift */,
			);
			path = Location;
			sourceTree = "<group>";
		};
		CF1EB6B23C18D93938081020 /* DTOs */ = {
			isa = PBXGroup;
			children = (
				5A44E3BA842112F05DD868F5 /* AuthDTOs.swift */,
				4892DDE26B1C0AC28E82B9C6 /* FavouriteAndAlertDTOs.swift */,
				9AAD55E85CFCCC66C91445A2 /* StationDTOs.swift */,
			);
			path = DTOs;
			sourceTree = "<group>";
		};
		DE8A4658C5C7B7AB9BDF09B1 /* Settings */ = {
			isa = PBXGroup;
			children = (
				F1B14496D8AC2AFA53A0A331 /* SettingsView.swift */,
				66A5B20BB98CBD24B95D78FC /* SettingsViewModel.swift */,
			);
			path = Settings;
			sourceTree = "<group>";
		};
		E7F575C57E600C02DF428824 /* Detail */ = {
			isa = PBXGroup;
			children = (
				41DBF56E22F4A12C2A0DECA0 /* DetailView.swift */,
				8BFB672611E5491BC0B9601A /* DetailViewModel.swift */,
				0915A796F986476B981A0C37 /* OpeningHoursTableView.swift */,
			);
			path = Detail;
			sourceTree = "<group>";
		};
		F77E8EA40BCCCE2EB0AE48AA /* Push */ = {
			isa = PBXGroup;
			children = (
				22B28EF4A3B802ACA47ACF31 /* PushNotificationManager.swift */,
				0C6BFE3F5F5E5E838CF7B19B /* PushTokenProvider.swift */,
			);
			path = Push;
			sourceTree = "<group>";
		};
/* End PBXGroup section */

/* Begin PBXNativeTarget section */
		CF7773F7D4919BCA177573E5 /* FuelTracker */ = {
			isa = PBXNativeTarget;
			buildConfigurationList = C6E61D1FE0DA01059F87B9EE /* Build configuration list for PBXNativeTarget "FuelTracker" */;
			buildPhases = (
				499684F0301944C69899EF2E /* Sources */,
				54C225A442DFEE472B1D8D72 /* Resources */,
				CFCED790A6ED1614173C8E54 /* Frameworks */,
			);
			buildRules = (
			);
			dependencies = (
			);
			name = FuelTracker;
			packageProductDependencies = (
				510737701D84644C853C3131 /* GoogleSignIn */,
				5098F7B1E07B3B90AC7B2274 /* GoogleMaps */,
				47CC9E6F72940EEDBA3C68E1 /* FirebaseMessaging */,
				A25D609AD6F91E912FFDFB9E /* FirebaseAnalytics */,
			);
			productName = FuelTracker;
			productReference = 4A86CEDB3B3AB27F880FF146 /* FuelTracker.app */;
			productType = "com.apple.product-type.application";
		};
		F0FA2D8D0224241F9A78E46A /* FuelTrackerTests */ = {
			isa = PBXNativeTarget;
			buildConfigurationList = 1661564EFE32297241563B34 /* Build configuration list for PBXNativeTarget "FuelTrackerTests" */;
			buildPhases = (
				F0CEDAFCAAB0688BF046FCFB /* Sources */,
			);
			buildRules = (
			);
			dependencies = (
				CD9854E6C13AC0F0C7DE3E7C /* PBXTargetDependency */,
			);
			name = FuelTrackerTests;
			packageProductDependencies = (
			);
			productName = FuelTrackerTests;
			productReference = 5F8824CEA02FEA8338D681F9 /* FuelTrackerTests.xctest */;
			productType = "com.apple.product-type.bundle.unit-test";
		};
/* End PBXNativeTarget section */

/* Begin PBXProject section */
		3D8D3AD98CA0FD58A11256CB /* Project object */ = {
			isa = PBXProject;
			attributes = {
				BuildIndependentTargetsInParallel = YES;
				LastUpgradeCheck = 2660;
				TargetAttributes = {
					CF7773F7D4919BCA177573E5 = {
						DevelopmentTeam = 9SJN3YX5DH;
						ProvisioningStyle = Automatic;
					};
					F0FA2D8D0224241F9A78E46A = {
						DevelopmentTeam = 9SJN3YX5DH;
						ProvisioningStyle = Automatic;
					};
				};
			};
			buildConfigurationList = 0B3E352AC0285E0365EFC2C6 /* Build configuration list for PBXProject "FuelTracker" */;
			developmentRegion = en;
			hasScannedForEncodings = 0;
			knownRegions = (
				Base,
				en,
			);
			mainGroup = 17B1ACE1B51493A614F47A80;
			minimizedProjectReferenceProxies = 1;
			packageReferences = (
				4D1E5208CF5D083DF6546C83 /* XCRemoteSwiftPackageReference "firebase-ios-sdk" */,
				AAB416F5C669AA7D4E255C6A /* XCRemoteSwiftPackageReference "ios-maps-sdk" */,
				E8A2D8BD258A717E91B61559 /* XCRemoteSwiftPackageReference "GoogleSignIn-iOS" */,
			);
			preferredProjectObjectVersion = 77;
			productRefGroup = C3BEA5FF893F1559366939E1 /* Products */;
			projectDirPath = "";
			projectRoot = "";
			targets = (
				CF7773F7D4919BCA177573E5 /* FuelTracker */,
				F0FA2D8D0224241F9A78E46A /* FuelTrackerTests */,
			);
		};
/* End PBXProject section */

/* Begin PBXResourcesBuildPhase section */
		54C225A442DFEE472B1D8D72 /* Resources */ = {
			isa = PBXResourcesBuildPhase;
			buildActionMask = 2147483647;
			files = (
				2FB0038DE67AEF22644EBB45 /* Assets.xcassets in Resources */,
				70C02AA8092E840F6A312B3A /* GoogleService-Info.plist in Resources */,
			);
			runOnlyForDeploymentPostprocessing = 0;
		};
/* End PBXResourcesBuildPhase section */

/* Begin PBXSourcesBuildPhase section */
		499684F0301944C69899EF2E /* Sources */ = {
			isa = PBXSourcesBuildPhase;
			buildActionMask = 2147483647;
			files = (
				8E6C2190AC13ED58353FCDB6 /* APIEndpoint.swift in Sources */,
				504F12856FA172FABCCD4FFC /* AmenitiesFormatter.swift in Sources */,
				0034B9037268357145D73200 /* AnnouncementBanner.swift in Sources */,
				6994E7CA042E9C304B30A26E /* DataAttributionNotice.swift in Sources */,
				62108BE2D0183495BBDD67CB /* AppAnalytics.swift in Sources */,
				39051261F8DFF2CC5F6B28B9 /* AppConfig.swift in Sources */,
				E767F58CA0F6432F9A04B24E /* AppContainer.swift in Sources */,
				D8F80F9D5885878A59251E70 /* AppDelegate.swift in Sources */,
				156FEDF491D165280A68E5F8 /* AuthDTOs.swift in Sources */,
				C6CAB881E9EC5C78D4D8CC5F /* AuthError.swift in Sources */,
				1F65F367869C32089D7C3BCF /* AuthView.swift in Sources */,
				0B003EF3FC197F0FD2EFAA55 /* AuthViewModel.swift in Sources */,
				18CA9A7884F527DAF99297AB /* CachedStation.swift in Sources */,
				C83C0A43D848E00CA133EF2F /* DeepLink.swift in Sources */,
				ABBF4E5C47A3C632B3ABD10E /* DetailView.swift in Sources */,
				761920A623D115613C9E216D /* DetailViewModel.swift in Sources */,
				B9B53D7709219FA155A09BC5 /* FavouriteAndAlertDTOs.swift in Sources */,
				E330C9A3365AD1EBF8776B9E /* FavouritesView.swift in Sources */,
				C889F6DACB809DB00405256B /* FavouritesViewModel.swift in Sources */,
				D8C86F2D24E4D75C31CD1594 /* FeatureFlags.swift in Sources */,
				49B913EE45B7A7FC18FC7E4C /* FuelCostCalculator.swift in Sources */,
				F51EA92612A1D15D2AECA6BD /* FuelMapView.swift in Sources */,
				F2CEDA9D07D8CCDEE09943B9 /* FuelPricesAPI.swift in Sources */,
				AB53C78F7A82FA9C46E80C04 /* FuelRepository.swift in Sources */,
				17235223E4E762F13C2C1376 /* FuelTrackerApp.swift in Sources */,
				2A5C14465C22C169110ADE8F /* FuelTypes.swift in Sources */,
				05842D576D32D5F2AE428488 /* HeatColor.swift in Sources */,
				34B2F824B7FD18A1B7AE9B52 /* HeatmapMapView.swift in Sources */,
				2507F91254FE251153798CC0 /* HeatmapView.swift in Sources */,
				01155E1646A7A3B901C1C24B /* HeatmapViewModel.swift in Sources */,
				780BFD4C6A1E2D1CC86FF17F /* LocationManager.swift in Sources */,
				F4DF075A45602EF0167B0D5E /* NearbyView.swift in Sources */,
				5E2151C96C81DB6227B467B6 /* NearbyViewModel.swift in Sources */,
				E870D73ECE42C2BA993AECD7 /* OpeningHoursTableView.swift in Sources */,
				2150CE5AC7919E32E28B1F4C /* PriceLineChart.swift in Sources */,
				90C871DD3DF7EC6E3B980C4F /* PricesView.swift in Sources */,
				6830C2EEC51B16C952D4B69F /* PricesViewModel.swift in Sources */,
				06B7D92967D1AD1386003F8A /* PushNotificationManager.swift in Sources */,
				6BFEA0C130CEE2E79E6E9D0B /* PushTokenProvider.swift in Sources */,
				37AE7F8788395F56286AA5B5 /* RootView.swift in Sources */,
				BA261E6F96512B3C6ED3405C /* SettingsView.swift in Sources */,
				8738F2AA67954B81C01F716A /* SettingsViewModel.swift in Sources */,
				E625C9992184D039AA1ED603 /* StationDTOs.swift in Sources */,
				02D03A92641D654F05EE7128 /* TokenStore.swift in Sources */,
				1C8AFF31C60E93B02A659BF2 /* UserPreferencesStore.swift in Sources */,
			);
			runOnlyForDeploymentPostprocessing = 0;
		};
		F0CEDAFCAAB0688BF046FCFB /* Sources */ = {
			isa = PBXSourcesBuildPhase;
			buildActionMask = 2147483647;
			files = (
				4B6793CC999E2F48565819A0 /* DTODecodingTests.swift in Sources */,
				2B818BE3CF74F16C76497BF4 /* DeepLinkTests.swift in Sources */,
				6F699105069E4AB11D46B416 /* FuelCostCalculatorTests.swift in Sources */,
				C0397FCCAB491510AE5EBE16 /* HeatmapTests.swift in Sources */,
			);
			runOnlyForDeploymentPostprocessing = 0;
		};
/* End PBXSourcesBuildPhase section */

/* Begin PBXTargetDependency section */
		CD9854E6C13AC0F0C7DE3E7C /* PBXTargetDependency */ = {
			isa = PBXTargetDependency;
			target = CF7773F7D4919BCA177573E5 /* FuelTracker */;
			targetProxy = 541DABA398CE12336C946B44 /* PBXContainerItemProxy */;
		};
/* End PBXTargetDependency section */

/* Begin XCBuildConfiguration section */
		3B8781CEBD4D8F542BDCC281 /* Release */ = {
			isa = XCBuildConfiguration;
			buildSettings = {
				BUNDLE_LOADER = "$(TEST_HOST)";
				GENERATE_INFOPLIST_FILE = YES;
				LD_RUNPATH_SEARCH_PATHS = (
					"$(inherited)",
					"@executable_path/Frameworks",
					"@loader_path/Frameworks",
				);
				PRODUCT_BUNDLE_IDENTIFIER = uk.fueltracker.app.tests;
				SDKROOT = iphoneos;
				TARGETED_DEVICE_FAMILY = "1,2";
				TEST_HOST = "$(BUILT_PRODUCTS_DIR)/FuelTracker.app/FuelTracker";
			};
			name = Release;
		};
		86A8957365C6E91291E45ECA /* Debug */ = {
			isa = XCBuildConfiguration;
			buildSettings = {
				ALWAYS_SEARCH_USER_PATHS = NO;
				ASSETCATALOG_COMPILER_GENERATE_SWIFT_ASSET_SYMBOL_EXTENSIONS = YES;
				CLANG_ANALYZER_NONNULL = YES;
				CLANG_ANALYZER_NUMBER_OBJECT_CONVERSION = YES_AGGRESSIVE;
				CLANG_CXX_LANGUAGE_STANDARD = "gnu++14";
				CLANG_CXX_LIBRARY = "libc++";
				CLANG_ENABLE_MODULES = YES;
				CLANG_ENABLE_OBJC_ARC = YES;
				CLANG_ENABLE_OBJC_WEAK = YES;
				CLANG_WARN_BLOCK_CAPTURE_AUTORELEASING = YES;
				CLANG_WARN_BOOL_CONVERSION = YES;
				CLANG_WARN_COMMA = YES;
				CLANG_WARN_CONSTANT_CONVERSION = YES;
				CLANG_WARN_DEPRECATED_OBJC_IMPLEMENTATIONS = YES;
				CLANG_WARN_DIRECT_OBJC_ISA_USAGE = YES_ERROR;
				CLANG_WARN_DOCUMENTATION_COMMENTS = YES;
				CLANG_WARN_EMPTY_BODY = YES;
				CLANG_WARN_ENUM_CONVERSION = YES;
				CLANG_WARN_INFINITE_RECURSION = YES;
				CLANG_WARN_INT_CONVERSION = YES;
				CLANG_WARN_NON_LITERAL_NULL_CONVERSION = YES;
				CLANG_WARN_OBJC_IMPLICIT_RETAIN_SELF = YES;
				CLANG_WARN_OBJC_LITERAL_CONVERSION = YES;
				CLANG_WARN_OBJC_ROOT_CLASS = YES_ERROR;
				CLANG_WARN_QUOTED_INCLUDE_IN_FRAMEWORK_HEADER = YES;
				CLANG_WARN_RANGE_LOOP_ANALYSIS = YES;
				CLANG_WARN_STRICT_PROTOTYPES = YES;
				CLANG_WARN_SUSPICIOUS_MOVE = YES;
				CLANG_WARN_UNGUARDED_AVAILABILITY = YES_AGGRESSIVE;
				CLANG_WARN_UNREACHABLE_CODE = YES;
				CLANG_WARN__DUPLICATE_METHOD_MATCH = YES;
				CODE_SIGN_STYLE = Automatic;
				COPY_PHASE_STRIP = NO;
				CURRENT_PROJECT_VERSION = 1;
				DEBUG_INFORMATION_FORMAT = dwarf;
				DEVELOPMENT_TEAM = 9SJN3YX5DH;
				ENABLE_STRICT_OBJC_MSGSEND = YES;
				ENABLE_TESTABILITY = YES;
				ENABLE_USER_SCRIPT_SANDBOXING = YES;
				GCC_C_LANGUAGE_STANDARD = gnu11;
				GCC_DYNAMIC_NO_PIC = NO;
				GCC_NO_COMMON_BLOCKS = YES;
				GCC_OPTIMIZATION_LEVEL = 0;
				GCC_PREPROCESSOR_DEFINITIONS = (
					"$(inherited)",
					"DEBUG=1",
				);
				GCC_WARN_64_TO_32_BIT_CONVERSION = YES;
				GCC_WARN_ABOUT_RETURN_TYPE = YES_ERROR;
				GCC_WARN_UNDECLARED_SELECTOR = YES;
				GCC_WARN_UNINITIALIZED_AUTOS = YES_AGGRESSIVE;
				GCC_WARN_UNUSED_FUNCTION = YES;
				GCC_WARN_UNUSED_VARIABLE = YES;
				IPHONEOS_DEPLOYMENT_TARGET = 17.0;
				MARKETING_VERSION = 1.0;
				MTL_ENABLE_DEBUG_INFO = INCLUDE_SOURCE;
				MTL_FAST_MATH = YES;
				ONLY_ACTIVE_ARCH = YES;
				PRODUCT_NAME = "$(TARGET_NAME)";
				SDKROOT = iphoneos;
				STRING_CATALOG_GENERATE_SYMBOLS = YES;
				SWIFT_ACTIVE_COMPILATION_CONDITIONS = DEBUG;
				SWIFT_OPTIMIZATION_LEVEL = "-Onone";
				SWIFT_VERSION = 5.0;
				TARGETED_DEVICE_FAMILY = 1;
			};
			name = Debug;
		};
		86DC1B2546E189EBFCC5FEE9 /* Debug */ = {
			isa = XCBuildConfiguration;
			buildSettings = {
				BUNDLE_LOADER = "$(TEST_HOST)";
				GENERATE_INFOPLIST_FILE = YES;
				LD_RUNPATH_SEARCH_PATHS = (
					"$(inherited)",
					"@executable_path/Frameworks",
					"@loader_path/Frameworks",
				);
				PRODUCT_BUNDLE_IDENTIFIER = uk.fueltracker.app.tests;
				SDKROOT = iphoneos;
				TARGETED_DEVICE_FAMILY = "1,2";
				TEST_HOST = "$(BUILT_PRODUCTS_DIR)/FuelTracker.app/FuelTracker";
			};
			name = Debug;
		};
		941FC272F3B9B35AC72EF81D /* Release */ = {
			isa = XCBuildConfiguration;
			buildSettings = {
				ALWAYS_SEARCH_USER_PATHS = NO;
				ASSETCATALOG_COMPILER_GENERATE_SWIFT_ASSET_SYMBOL_EXTENSIONS = YES;
				CLANG_ANALYZER_NONNULL = YES;
				CLANG_ANALYZER_NUMBER_OBJECT_CONVERSION = YES_AGGRESSIVE;
				CLANG_CXX_LANGUAGE_STANDARD = "gnu++14";
				CLANG_CXX_LIBRARY = "libc++";
				CLANG_ENABLE_MODULES = YES;
				CLANG_ENABLE_OBJC_ARC = YES;
				CLANG_ENABLE_OBJC_WEAK = YES;
				CLANG_WARN_BLOCK_CAPTURE_AUTORELEASING = YES;
				CLANG_WARN_BOOL_CONVERSION = YES;
				CLANG_WARN_COMMA = YES;
				CLANG_WARN_CONSTANT_CONVERSION = YES;
				CLANG_WARN_DEPRECATED_OBJC_IMPLEMENTATIONS = YES;
				CLANG_WARN_DIRECT_OBJC_ISA_USAGE = YES_ERROR;
				CLANG_WARN_DOCUMENTATION_COMMENTS = YES;
				CLANG_WARN_EMPTY_BODY = YES;
				CLANG_WARN_ENUM_CONVERSION = YES;
				CLANG_WARN_INFINITE_RECURSION = YES;
				CLANG_WARN_INT_CONVERSION = YES;
				CLANG_WARN_NON_LITERAL_NULL_CONVERSION = YES;
				CLANG_WARN_OBJC_IMPLICIT_RETAIN_SELF = YES;
				CLANG_WARN_OBJC_LITERAL_CONVERSION = YES;
				CLANG_WARN_OBJC_ROOT_CLASS = YES_ERROR;
				CLANG_WARN_QUOTED_INCLUDE_IN_FRAMEWORK_HEADER = YES;
				CLANG_WARN_RANGE_LOOP_ANALYSIS = YES;
				CLANG_WARN_STRICT_PROTOTYPES = YES;
				CLANG_WARN_SUSPICIOUS_MOVE = YES;
				CLANG_WARN_UNGUARDED_AVAILABILITY = YES_AGGRESSIVE;
				CLANG_WARN_UNREACHABLE_CODE = YES;
				CLANG_WARN__DUPLICATE_METHOD_MATCH = YES;
				CODE_SIGN_STYLE = Automatic;
				COPY_PHASE_STRIP = NO;
				CURRENT_PROJECT_VERSION = 1;
				DEBUG_INFORMATION_FORMAT = "dwarf-with-dsym";
				DEVELOPMENT_TEAM = 9SJN3YX5DH;
				ENABLE_NS_ASSERTIONS = NO;
				ENABLE_STRICT_OBJC_MSGSEND = YES;
				ENABLE_USER_SCRIPT_SANDBOXING = YES;
				GCC_C_LANGUAGE_STANDARD = gnu11;
				GCC_NO_COMMON_BLOCKS = YES;
				GCC_WARN_64_TO_32_BIT_CONVERSION = YES;
				GCC_WARN_ABOUT_RETURN_TYPE = YES_ERROR;
				GCC_WARN_UNDECLARED_SELECTOR = YES;
				GCC_WARN_UNINITIALIZED_AUTOS = YES_AGGRESSIVE;
				GCC_WARN_UNUSED_FUNCTION = YES;
				GCC_WARN_UNUSED_VARIABLE = YES;
				IPHONEOS_DEPLOYMENT_TARGET = 17.0;
				MARKETING_VERSION = 1.0;
				MTL_ENABLE_DEBUG_INFO = NO;
				MTL_FAST_MATH = YES;
				PRODUCT_NAME = "$(TARGET_NAME)";
				SDKROOT = iphoneos;
				STRING_CATALOG_GENERATE_SYMBOLS = YES;
				SWIFT_COMPILATION_MODE = wholemodule;
				SWIFT_OPTIMIZATION_LEVEL = "-O";
				SWIFT_VERSION = 5.0;
				TARGETED_DEVICE_FAMILY = 1;
			};
			name = Release;
		};
		D9906537C01829737C6E80C6 /* Debug */ = {
			isa = XCBuildConfiguration;
			baseConfigurationReference = 975BA00866541975CD74E4D3 /* Debug.xcconfig */;
			buildSettings = {
				ASSETCATALOG_COMPILER_APPICON_NAME = AppIcon;
				ASSETCATALOG_COMPILER_GLOBAL_ACCENT_COLOR_NAME = AccentColor;
				CODE_SIGN_ENTITLEMENTS = FuelTracker/FuelTracker.entitlements;
				CODE_SIGN_IDENTITY = "iPhone Developer";
				GENERATE_INFOPLIST_FILE = NO;
				INFOPLIST_FILE = FuelTracker/Info.plist;
				LD_RUNPATH_SEARCH_PATHS = (
					"$(inherited)",
					"@executable_path/Frameworks",
				);
				PRODUCT_BUNDLE_IDENTIFIER = uk.fueltracker.app;
				SDKROOT = iphoneos;
				TARGETED_DEVICE_FAMILY = "1,2";
			};
			name = Debug;
		};
		E44041484303724E10CBFCC1 /* Release */ = {
			isa = XCBuildConfiguration;
			baseConfigurationReference = 6D5037197EC2CF6CA2A1E50D /* Release.xcconfig */;
			buildSettings = {
				ASSETCATALOG_COMPILER_APPICON_NAME = AppIcon;
				ASSETCATALOG_COMPILER_GLOBAL_ACCENT_COLOR_NAME = AccentColor;
				CODE_SIGN_ENTITLEMENTS = FuelTracker/FuelTracker.entitlements;
				CODE_SIGN_IDENTITY = "iPhone Developer";
				GENERATE_INFOPLIST_FILE = NO;
				INFOPLIST_FILE = FuelTracker/Info.plist;
				LD_RUNPATH_SEARCH_PATHS = (
					"$(inherited)",
					"@executable_path/Frameworks",
				);
				PRODUCT_BUNDLE_IDENTIFIER = uk.fueltracker.app;
				SDKROOT = iphoneos;
				TARGETED_DEVICE_FAMILY = "1,2";
			};
			name = Release;
		};
/* End XCBuildConfiguration section */

/* Begin XCConfigurationList section */
		0B3E352AC0285E0365EFC2C6 /* Build configuration list for PBXProject "FuelTracker" */ = {
			isa = XCConfigurationList;
			buildConfigurations = (
				86A8957365C6E91291E45ECA /* Debug */,
				941FC272F3B9B35AC72EF81D /* Release */,
			);
			defaultConfigurationIsVisible = 0;
			defaultConfigurationName = Debug;
		};
		1661564EFE32297241563B34 /* Build configuration list for PBXNativeTarget "FuelTrackerTests" */ = {
			isa = XCConfigurationList;
			buildConfigurations = (
				86DC1B2546E189EBFCC5FEE9 /* Debug */,
				3B8781CEBD4D8F542BDCC281 /* Release */,
			);
			defaultConfigurationIsVisible = 0;
			defaultConfigurationName = Debug;
		};
		C6E61D1FE0DA01059F87B9EE /* Build configuration list for PBXNativeTarget "FuelTracker" */ = {
			isa = XCConfigurationList;
			buildConfigurations = (
				D9906537C01829737C6E80C6 /* Debug */,
				E44041484303724E10CBFCC1 /* Release */,
			);
			defaultConfigurationIsVisible = 0;
			defaultConfigurationName = Debug;
		};
/* End XCConfigurationList section */

/* Begin XCRemoteSwiftPackageReference section */
		4D1E5208CF5D083DF6546C83 /* XCRemoteSwiftPackageReference "firebase-ios-sdk" */ = {
			isa = XCRemoteSwiftPackageReference;
			repositoryURL = "https://github.com/firebase/firebase-ios-sdk";
			requirement = {
				kind = upToNextMajorVersion;
				minimumVersion = 11.0.0;
			};
		};
		AAB416F5C669AA7D4E255C6A /* XCRemoteSwiftPackageReference "ios-maps-sdk" */ = {
			isa = XCRemoteSwiftPackageReference;
			repositoryURL = "https://github.com/googlemaps/ios-maps-sdk";
			requirement = {
				kind = upToNextMajorVersion;
				minimumVersion = 10.0.0;
			};
		};
		E8A2D8BD258A717E91B61559 /* XCRemoteSwiftPackageReference "GoogleSignIn-iOS" */ = {
			isa = XCRemoteSwiftPackageReference;
			repositoryURL = "https://github.com/google/GoogleSignIn-iOS";
			requirement = {
				kind = upToNextMajorVersion;
				minimumVersion = 7.1.0;
			};
		};
/* End XCRemoteSwiftPackageReference section */

/* Begin XCSwiftPackageProductDependency section */
		47CC9E6F72940EEDBA3C68E1 /* FirebaseMessaging */ = {
			isa = XCSwiftPackageProductDependency;
			package = 4D1E5208CF5D083DF6546C83 /* XCRemoteSwiftPackageReference "firebase-ios-sdk" */;
			productName = FirebaseMessaging;
		};
		5098F7B1E07B3B90AC7B2274 /* GoogleMaps */ = {
			isa = XCSwiftPackageProductDependency;
			package = AAB416F5C669AA7D4E255C6A /* XCRemoteSwiftPackageReference "ios-maps-sdk" */;
			productName = GoogleMaps;
		};
		510737701D84644C853C3131 /* GoogleSignIn */ = {
			isa = XCSwiftPackageProductDependency;
			package = E8A2D8BD258A717E91B61559 /* XCRemoteSwiftPackageReference "GoogleSignIn-iOS" */;
			productName = GoogleSignIn;
		};
		A25D609AD6F91E912FFDFB9E /* FirebaseAnalytics */ = {
			isa = XCSwiftPackageProductDependency;
			package = 4D1E5208CF5D083DF6546C83 /* XCRemoteSwiftPackageReference "firebase-ios-sdk" */;
			productName = FirebaseAnalytics;
		};
/* End XCSwiftPackageProductDependency section */
	};
	rootObject = 3D8D3AD98CA0FD58A11256CB /* Project object */;
}
